<?xml version="1.0" encoding="utf-8"?>
<Project ToolsVersion="4.0" xmlns="http://schemas.microsoft.com/developer/msbuild/2003">
  <ItemGroup>
    <Filter Include="Header Files">
      <UniqueIdentifier>{af8b46d5-0145-4fda-9acf-1abca73e1a63}</UniqueIdentifier>
    </Filter>
    <Filter Include="Source Files">
      <UniqueIdentifier>{864bd187-9dbd-429b-a9d1-4593299822d9}</UniqueIdentifier>
    </Filter>
  </ItemGroup>
  <ItemGroup>
    <ClInclude Include="include\libwbfs.h">
      <Filter>Header Files</Filter>
    </ClInclude>
    <ClInclude Include="include\libwbfs_os.h">
      <Filter>Header Files</Filter>
    </ClInclude>
    <ClInclude Include="include\libwbfs_win32.h">
      <Filter>Header Files</Filter>
    </ClInclude>
    <ClInclude Include="include\wiidisc.h">
      <Filter>Header Files</Filter>
    </ClInclude>
  </ItemGroup>
  <ItemGroup>
    <ClCompile Include="src\libwbfs.c">
      <Filter>Source Files</Filter>
    </ClCompile>
    <ClCompile Include="src\libwbfs_win32.c">
      <Filter>Source Files</Filter>
    </ClCompile>
    <ClCompile Include="src\rijndael.c">
      <Filter>Source Files</Filter>
    </ClCompile>
    <ClCompile Include="src\wiidisc.c">
      <Filter>Source Files</Filter>
    </ClCompile>
  </ItemGroup>
</Project>